{
  "name": "nvim",
  "lockfileVersion": 2,
  "requires": true,
  "packages": {
    "": {
      "devDependencies": {
        "coc.nvim": "^0.0.83-next.9"
      }
    },
    "node_modules/@types/node": {
      "version": "14.18.63",
      "resolved": "https://registry.npmjs.org/@types/node/-/node-14.18.63.tgz",
      "integrity": "sha512-fAtCfv4jJg+ExtXhvCkCqUKZ+4ok/JQk01qDKhL5BDDoS3AxKXhV5/MAVUZyQnSEd2GT92fkgZl0pz0Q0AzcIQ==",
      "dev": true,
      "peer": true
    },
    "node_modules/coc.nvim": {
      "version": "0.0.83-next.9",
      "resolved": "https://registry.npmjs.org/coc.nvim/-/coc.nvim-0.0.83-next.9.tgz",
      "integrity": "sha512-ek5+EgA9N92/6Wt07TAYpavmBgXZto4Dmwmm56oyBl/w4wy3Tod7LfpCp4k9M4xCxhxPtrflIcxvhdDUPIeMuw==",
      "dev": true,
      "engines": {
        "node": ">=14.14.0"
      },
      "funding": {
        "type": "opencollective",
        "url": "https://opencollective.com/cocnvim"
      },
      "peerDependencies": {
        "@types/node": "^14.14.0"
      }
    }
  },
  "dependencies": {
    "@types/node": {
      "version": "14.18.63",
      "resolved": "https://registry.npmjs.org/@types/node/-/node-14.18.63.tgz",
      "integrity": "sha512-fAtCfv4jJg+ExtXhvCkCqUKZ+4ok/JQk01qDKhL5BDDoS3AxKXhV5/MAVUZyQnSEd2GT92fkgZl0pz0Q0AzcIQ==",
      "dev": true,
      "peer": true
    },
    "coc.nvim": {
      "version": "0.0.83-next.9",
      "resolved": "https://registry.npmjs.org/coc.nvim/-/coc.nvim-0.0.83-next.9.tgz",
      "integrity": "sha512-ek5+EgA9N92/6Wt07TAYpavmBgXZto4Dmwmm56oyBl/w4wy3Tod7LfpCp4k9M4xCxhxPtrflIcxvhdDUPIeMuw==",
      "dev": true,
      "requires": {}
    }
  }
}
